
Microsoft Visual Studio Solution File, Format Version 12.00
# Visual Studio Version 16
VisualStudioVersion = 16.0.31424.327
MinimumVisualStudioVersion = 10.0.40219.1
Project("{FAE04EC0-301F-11D3-BF4B-00C04F79EFBC}") = "AnssiBot", "AnssiBot\AnssiBot.csproj", "{92428349-D6A7-40EE-9BE7-4C45433B5B35}"
EndProject
Global
	GlobalSection(SolutionConfigurationPlatforms) = preSolution
		Debug|Any CPU = Debug|Any CPU
		Release|Any CPU = Release|Any CPU
	EndGlobalSection
	GlobalSection(ProjectConfigurationPlatforms) = postSolution
		{92428349-D6A7-40EE-9BE7-4C45433B5B35}.Debug|Any CPU.ActiveCfg = Debug|Any CPU
		{92428349-D6A7-40EE-9BE7-4C45433B5B35}.Debug|Any CPU.Build.0 = Debug|Any CPU
		{92428349-D6A7-40EE-9BE7-4C45433B5B35}.Release|Any CPU.ActiveCfg = Release|Any CPU
		{92428349-D6A7-40EE-9BE7-4C45433B5B35}.Release|Any CPU.Build.0 = Release|Any CPU
	EndGlobalSection
	GlobalSection(SolutionProperties) = preSolution
		HideSolutionNode = FALSE
	EndGlobalSection
	GlobalSection(ExtensibilityGlobals) = postSolution
		SolutionGuid = {1ACEF5E6-7385-4E5E-BDAB-DA49A36C088F}
	EndGlobalSection
EndGlobal
